{
  "name": "MyWebSite",
  "version": "1.0.0",
  "lockfileVersion": 2,
  "requires": true,
  "packages": {
    "": {
      "name": "MyWebSite",
      "version": "1.0.0",
      "license": "MIT",
      "dependencies": {
        "pillow": "^0.0.9"
      }
    },
    "node_modules/argparse": {
      "version": "2.0.1",
      "resolved": "https://registry.npmjs.org/argparse/-/argparse-2.0.1.tgz",
      "integrity": "sha512-8+9WqebbFzpX9OR+Wa6O29asIogeRMzcGtAINdpMHHyAg10f05aSFVBbcEqGf/PXw1EjAZ+q2/bEBg3DvurK3Q=="
    },
    "node_modules/async": {
      "version": "3.2.4",
      "resolved": "https://registry.npmjs.org/async/-/async-3.2.4.tgz",
      "integrity": "sha512-iAB+JbDEGXhyIUavoDl9WP/Jj106Kz9DEn1DPgYw5ruDn0e3Wgi3sKFm55sASdGBNOQB8F59d9qQ7deqrHA8wQ=="
    },
    "node_modules/commander": {
      "version": "9.1.0",
      "resolved": "https://registry.npmjs.org/commander/-/commander-9.1.0.tgz",
      "integrity": "sha512-i0/MaqBtdbnJ4XQs4Pmyb+oFQl+q0lsAmokVUH92SlSw4fkeAcG3bVon+Qt7hmtF+u3Het6o4VgrcY3qAoEB6w==",
      "engines": {
        "node": "^12.20.0 || >=14"
      }
    },
    "node_modules/dox": {
      "version": "0.9.1",
      "resolved": "https://registry.npmjs.org/dox/-/dox-0.9.1.tgz",
      "integrity": "sha512-3bC8QeBn1xYWU628qfW7jlA0ssd7PL/x3ndYdT3tq52arRKFHW5zpVHGgkZPahBCZHU60O+TiJossR+RZZW15w==",
      "dependencies": {
        "commander": "9.1.0",
        "jsdoctypeparser": "^1.2.0",
        "markdown-it": "12.3.2"
      },
      "bin": {
        "dox": "bin/dox"
      }
    },
    "node_modules/entities": {
      "version": "2.1.0",
      "resolved": "https://registry.npmjs.org/entities/-/entities-2.1.0.tgz",
      "integrity": "sha512-hCx1oky9PFrJ611mf0ifBLBRW8lUUVRlFolb5gWRfIELabBlbp9xZvrqZLZAs+NxFnbfQoeGd8wDkygjg7U85w==",
      "funding": {
        "url": "https://github.com/fb55/entities?sponsor=1"
      }
    },
    "node_modules/jqtpl": {
      "version": "1.1.0",
      "resolved": "https://registry.npmjs.org/jqtpl/-/jqtpl-1.1.0.tgz",
      "integrity": "sha512-YylcHOGWQ1FsqEWNvSHWksRpKGV1mqo6tzAIXRiNgX9dLJYuv52X25G2MhzzwtlIRAqpx/oMPC32k1Buz6ycBA==",
      "engines": {
        "node": ">= 0.3.7"
      }
    },
    "node_modules/jsdoctypeparser": {
      "version": "1.2.0",
      "resolved": "https://registry.npmjs.org/jsdoctypeparser/-/jsdoctypeparser-1.2.0.tgz",
      "integrity": "sha512-osXm4Fr1o/Jc0YwUM7DHUliYtaunLQxh4ynZgtN02mTUN1VsNbMy75DFSkKRne8xE8jiGRV9NKVhYYYa8ZIHXQ==",
      "dependencies": {
        "lodash": "^3.7.0"
      }
    },
    "node_modules/JSLint-commonJS": {
      "version": "0.0.1",
      "resolved": "https://registry.npmjs.org/JSLint-commonJS/-/JSLint-commonJS-0.0.1.tgz",
      "integrity": "sha512-/L4XxZhFSuDZKujU91afeXfCthogELIZkkvyO5cp3o2zLMj0HeiAxvO4dScXlVoS+8pqc1+w2JfNtKO2Z2eMbw==",
      "engines": {
        "node": "*"
      }
    },
    "node_modules/jsmin": {
      "version": "1.0.1",
      "resolved": "https://registry.npmjs.org/jsmin/-/jsmin-1.0.1.tgz",
      "integrity": "sha512-OPuL5X/bFKgVdMvEIX3hnpx3jbVpFCrEM8pKPXjFkZUqg521r41ijdyTz7vACOhW6o1neVlcLyd+wkbK5fNHRg==",
      "bin": {
        "jsmin": "bin/jsmin"
      },
      "engines": {
        "node": ">=0.1.93"
      }
    },
    "node_modules/linkify-it": {
      "version": "3.0.3",
      "resolved": "https://registry.npmjs.org/linkify-it/-/linkify-it-3.0.3.tgz",
      "integrity": "sha512-ynTsyrFSdE5oZ/O9GEf00kPngmOfVwazR5GKDq6EYfhlpFug3J2zybX56a2PRRpc9P+FuSoGNAwjlbDs9jJBPQ==",
      "dependencies": {
        "uc.micro": "^1.0.1"
      }
    },
    "node_modules/lodash": {
      "version": "3.10.1",
      "resolved": "https://registry.npmjs.org/lodash/-/lodash-3.10.1.tgz",
      "integrity": "sha512-9mDDwqVIma6OZX79ZlDACZl8sBm0TEnkf99zV3iMA4GzkIT/9hiqP5mY0HoT1iNLCrKc/R1HByV+yJfRWVJryQ=="
    },
    "node_modules/markdown-it": {
      "version": "12.3.2",
      "resolved": "https://registry.npmjs.org/markdown-it/-/markdown-it-12.3.2.tgz",
      "integrity": "sha512-TchMembfxfNVpHkbtriWltGWc+m3xszaRD0CZup7GFFhzIgQqxIfn3eGj1yZpfuflzPvfkt611B2Q/Bsk1YnGg==",
      "dependencies": {
        "argparse": "^2.0.1",
        "entities": "~2.1.0",
        "linkify-it": "^3.0.1",
        "mdurl": "^1.0.1",
        "uc.micro": "^1.0.5"
      },
      "bin": {
        "markdown-it": "bin/markdown-it.js"
      }
    },
    "node_modules/mdurl": {
      "version": "1.0.1",
      "resolved": "https://registry.npmjs.org/mdurl/-/mdurl-1.0.1.tgz",
      "integrity": "sha512-/sKlQJCBYVY9Ers9hqzKou4H6V5UWc/M59TH2dvkt+84itfnq7uFOMLpOiOS4ujvHP4etln18fmIxA5R5fll0g=="
    },
    "node_modules/pillow": {
      "version": "0.0.9",
      "resolved": "https://registry.npmjs.org/pillow/-/pillow-0.0.9.tgz",
      "integrity": "sha512-tDeE2AeKEtajqdtRbgdiN/4L0fPQLXYEyqvmLYGS2+Yd+3VjZxLhmWSQInQJNUQXfiAUSHMbhFtpI+C8KiWQWg==",
      "dependencies": {
        "async": ">=0.1.18",
        "dox": ">=0.3.1",
        "jqtpl": ">=1.1.0",
        "JSLint-commonJS": ">=0.0.1",
        "jsmin": ">=1.0.1"
      },
      "bin": {
        "pillowscan": "bin/pillowscan.js",
        "pillowserve": "bin/pillowserve.js"
      },
      "engines": {
        "node": "*"
      }
    },
    "node_modules/uc.micro": {
      "version": "1.0.6",
      "resolved": "https://registry.npmjs.org/uc.micro/-/uc.micro-1.0.6.tgz",
      "integrity": "sha512-8Y75pvTYkLJW2hWQHXxoqRgV7qb9B+9vFEtidML+7koHUFapnVJAZ6cKs+Qjz5Aw3aZWHMC6u0wJE3At+nSGwA=="
    }
  },
  "dependencies": {
    "argparse": {
      "version": "2.0.1",
      "resolved": "https://registry.npmjs.org/argparse/-/argparse-2.0.1.tgz",
      "integrity": "sha512-8+9WqebbFzpX9OR+Wa6O29asIogeRMzcGtAINdpMHHyAg10f05aSFVBbcEqGf/PXw1EjAZ+q2/bEBg3DvurK3Q=="
    },
    "async": {
      "version": "3.2.4",
      "resolved": "https://registry.npmjs.org/async/-/async-3.2.4.tgz",
      "integrity": "sha512-iAB+JbDEGXhyIUavoDl9WP/Jj106Kz9DEn1DPgYw5ruDn0e3Wgi3sKFm55sASdGBNOQB8F59d9qQ7deqrHA8wQ=="
    },
    "commander": {
      "version": "9.1.0",
      "resolved": "https://registry.npmjs.org/commander/-/commander-9.1.0.tgz",
      "integrity": "sha512-i0/MaqBtdbnJ4XQs4Pmyb+oFQl+q0lsAmokVUH92SlSw4fkeAcG3bVon+Qt7hmtF+u3Het6o4VgrcY3qAoEB6w=="
    },
    "dox": {
      "version": "0.9.1",
      "resolved": "https://registry.npmjs.org/dox/-/dox-0.9.1.tgz",
      "integrity": "sha512-3bC8QeBn1xYWU628qfW7jlA0ssd7PL/x3ndYdT3tq52arRKFHW5zpVHGgkZPahBCZHU60O+TiJossR+RZZW15w==",
      "requires": {
        "commander": "9.1.0",
        "jsdoctypeparser": "^1.2.0",
        "markdown-it": "12.3.2"
      }
    },
    "entities": {
      "version": "2.1.0",
      "resolved": "https://registry.npmjs.org/entities/-/entities-2.1.0.tgz",
      "integrity": "sha512-hCx1oky9PFrJ611mf0ifBLBRW8lUUVRlFolb5gWRfIELabBlbp9xZvrqZLZAs+NxFnbfQoeGd8wDkygjg7U85w=="
    },
    "jqtpl": {
      "version": "1.1.0",
      "resolved": "https://registry.npmjs.org/jqtpl/-/jqtpl-1.1.0.tgz",
      "integrity": "sha512-YylcHOGWQ1FsqEWNvSHWksRpKGV1mqo6tzAIXRiNgX9dLJYuv52X25G2MhzzwtlIRAqpx/oMPC32k1Buz6ycBA=="
    },
    "jsdoctypeparser": {
      "version": "1.2.0",
      "resolved": "https://registry.npmjs.org/jsdoctypeparser/-/jsdoctypeparser-1.2.0.tgz",
      "integrity": "sha512-osXm4Fr1o/Jc0YwUM7DHUliYtaunLQxh4ynZgtN02mTUN1VsNbMy75DFSkKRne8xE8jiGRV9NKVhYYYa8ZIHXQ==",
      "requires": {
        "lodash": "^3.7.0"
      }
    },
    "JSLint-commonJS": {
      "version": "0.0.1",
      "resolved": "https://registry.npmjs.org/JSLint-commonJS/-/JSLint-commonJS-0.0.1.tgz",
      "integrity": "sha512-/L4XxZhFSuDZKujU91afeXfCthogELIZkkvyO5cp3o2zLMj0HeiAxvO4dScXlVoS+8pqc1+w2JfNtKO2Z2eMbw=="
    },
    "jsmin": {
      "version": "1.0.1",
      "resolved": "https://registry.npmjs.org/jsmin/-/jsmin-1.0.1.tgz",
      "integrity": "sha512-OPuL5X/bFKgVdMvEIX3hnpx3jbVpFCrEM8pKPXjFkZUqg521r41ijdyTz7vACOhW6o1neVlcLyd+wkbK5fNHRg=="
    },
    "linkify-it": {
      "version": "3.0.3",
      "resolved": "https://registry.npmjs.org/linkify-it/-/linkify-it-3.0.3.tgz",
      "integrity": "sha512-ynTsyrFSdE5oZ/O9GEf00kPngmOfVwazR5GKDq6EYfhlpFug3J2zybX56a2PRRpc9P+FuSoGNAwjlbDs9jJBPQ==",
      "requires": {
        "uc.micro": "^1.0.1"
      }
    },
    "lodash": {
      "version": "3.10.1",
      "resolved": "https://registry.npmjs.org/lodash/-/lodash-3.10.1.tgz",
      "integrity": "sha512-9mDDwqVIma6OZX79ZlDACZl8sBm0TEnkf99zV3iMA4GzkIT/9hiqP5mY0HoT1iNLCrKc/R1HByV+yJfRWVJryQ=="
    },
    "markdown-it": {
      "version": "12.3.2",
      "resolved": "https://registry.npmjs.org/markdown-it/-/markdown-it-12.3.2.tgz",
      "integrity": "sha512-TchMembfxfNVpHkbtriWltGWc+m3xszaRD0CZup7GFFhzIgQqxIfn3eGj1yZpfuflzPvfkt611B2Q/Bsk1YnGg==",
      "requires": {
        "argparse": "^2.0.1",
        "entities": "~2.1.0",
        "linkify-it": "^3.0.1",
        "mdurl": "^1.0.1",
        "uc.micro": "^1.0.5"
      }
    },
    "mdurl": {
      "version": "1.0.1",
      "resolved": "https://registry.npmjs.org/mdurl/-/mdurl-1.0.1.tgz",
      "integrity": "sha512-/sKlQJCBYVY9Ers9hqzKou4H6V5UWc/M59TH2dvkt+84itfnq7uFOMLpOiOS4ujvHP4etln18fmIxA5R5fll0g=="
    },
    "pillow": {
      "version": "0.0.9",
      "resolved": "https://registry.npmjs.org/pillow/-/pillow-0.0.9.tgz",
      "integrity": "sha512-tDeE2AeKEtajqdtRbgdiN/4L0fPQLXYEyqvmLYGS2+Yd+3VjZxLhmWSQInQJNUQXfiAUSHMbhFtpI+C8KiWQWg==",
      "requires": {
        "async": ">=0.1.18",
        "dox": ">=0.3.1",
        "jqtpl": ">=1.1.0",
        "JSLint-commonJS": ">=0.0.1",
        "jsmin": ">=1.0.1"
      }
    },
    "uc.micro": {
      "version": "1.0.6",
      "resolved": "https://registry.npmjs.org/uc.micro/-/uc.micro-1.0.6.tgz",
      "integrity": "sha512-8Y75pvTYkLJW2hWQHXxoqRgV7qb9B+9vFEtidML+7koHUFapnVJAZ6cKs+Qjz5Aw3aZWHMC6u0wJE3At+nSGwA=="
    }
  }
}
